
Microsoft Visual Studio Solution File, Format Version 12.00
# Visual Studio Version 17
VisualStudioVersion = 17.9.34616.47
MinimumVisualStudioVersion = 10.0.40219.1
Project("{9A19103F-16F7-4668-BE54-9A1E7A4F7556}") = "PROG6221_POE_part1_st10306957_JaydenMeekoly", "PROG6221_POE_part1_st10306957_JaydenMeekoly.csproj", "{AC4A36FE-F075-4779-9290-FB3B9D7A282A}"
EndProject
Project("{2150E333-8FDC-42A3-9474-1A3956D46DE8}") = "RecipeApp", "RecipeApp", "{45E25890-D849-4A87-838D-0B8C7B1C5178}"
	ProjectSection(SolutionItems) = preProject
		RecipeApp.cs = RecipeApp.cs
	EndProjectSection
EndProject
Project("{FAE04EC0-301F-11D3-BF4B-00C04F79EFBC}") = "POEUnitTest", "..\POEUnitTest\POEUnitTest.csproj", "{79ADD52C-59ED-4732-A5BE-949D3E490E7A}"
EndProject
Global
	GlobalSection(SolutionConfigurationPlatforms) = preSolution
		Debug|Any CPU = Debug|Any CPU
		Release|Any CPU = Release|Any CPU
	EndGlobalSection
	GlobalSection(ProjectConfigurationPlatforms) = postSolution
		{AC4A36FE-F075-4779-9290-FB3B9D7A282A}.Debug|Any CPU.ActiveCfg = Debug|Any CPU
		{AC4A36FE-F075-4779-9290-FB3B9D7A282A}.Debug|Any CPU.Build.0 = Debug|Any CPU
		{AC4A36FE-F075-4779-9290-FB3B9D7A282A}.Release|Any CPU.ActiveCfg = Release|Any CPU
		{AC4A36FE-F075-4779-9290-FB3B9D7A282A}.Release|Any CPU.Build.0 = Release|Any CPU
		{79ADD52C-59ED-4732-A5BE-949D3E490E7A}.Debug|Any CPU.ActiveCfg = Debug|Any CPU
		{79ADD52C-59ED-4732-A5BE-949D3E490E7A}.Debug|Any CPU.Build.0 = Debug|Any CPU
		{79ADD52C-59ED-4732-A5BE-949D3E490E7A}.Release|Any CPU.ActiveCfg = Release|Any CPU
		{79ADD52C-59ED-4732-A5BE-949D3E490E7A}.Release|Any CPU.Build.0 = Release|Any CPU
	EndGlobalSection
	GlobalSection(SolutionProperties) = preSolution
		HideSolutionNode = FALSE
	EndGlobalSection
	GlobalSection(ExtensibilityGlobals) = postSolution
		SolutionGuid = {FCB47B6E-EA80-4305-B281-7AE8C28F0EAB}
	EndGlobalSection
EndGlobal
